
Microsoft Visual Studio Solution File, Format Version 12.00
# Visual Studio Version 16
VisualStudioVersion = 16.0.29521.150
MinimumVisualStudioVersion = 10.0.40219.1
Project("{FAE04EC0-301F-11D3-BF4B-00C04F79EFBC}") = "Homework09_API", "Homework09_API.csproj", "{845B4BB8-E880-4C5A-8085-4EE028070DEE}"
EndProject
Global
	GlobalSection(SolutionConfigurationPlatforms) = preSolution
		Debug|Any CPU = Debug|Any CPU
		Release|Any CPU = Release|Any CPU
	EndGlobalSection
	GlobalSection(ProjectConfigurationPlatforms) = postSolution
		{845B4BB8-E880-4C5A-8085-4EE028070DEE}.Debug|Any CPU.ActiveCfg = Debug|Any CPU
		{845B4BB8-E880-4C5A-8085-4EE028070DEE}.Debug|Any CPU.Build.0 = Debug|Any CPU
		{845B4BB8-E880-4C5A-8085-4EE028070DEE}.Release|Any CPU.ActiveCfg = Release|Any CPU
		{845B4BB8-E880-4C5A-8085-4EE028070DEE}.Release|Any CPU.Build.0 = Release|Any CPU
	EndGlobalSection
	GlobalSection(SolutionProperties) = preSolution
		HideSolutionNode = FALSE
	EndGlobalSection
	GlobalSection(ExtensibilityGlobals) = postSolution
		SolutionGuid = {52B2FF27-5202-442F-8F03-3842AAB3EE78}
	EndGlobalSection
EndGlobal
